<?xml version="1.0" encoding="utf-8"?>
<Project ToolsVersion="4.0" xmlns="http://schemas.microsoft.com/developer/msbuild/2003">
  <ItemGroup>
    <Filter Include="Source Files">
      <UniqueIdentifier>{4FC737F1-C7A5-4376-A066-2A32D752A2FF}</UniqueIdentifier>
      <Extensions>cpp;c;cc;cxx;def;odl;idl;hpj;bat;asm;asmx</Extensions>
    </Filter>
    <Filter Include="Header Files">
      <UniqueIdentifier>{93995380-89BD-4b04-88EB-625FBE52EBFB}</UniqueIdentifier>
      <Extensions>h;hh;hpp;hxx;hm;inl;inc;ipp;xsd</Extensions>
    </Filter>
    <Filter Include="Resource Files">
      <UniqueIdentifier>{67DA6AB6-F800-4c08-8B7A-83BB121AAD01}</UniqueIdentifier>
      <Extensions>rc;ico;cur;bmp;dlg;rc2;rct;bin;rgs;gif;jpg;jpeg;jpe;resx;tiff;tif;png;wav;mfcribbon-ms</Extensions>
    </Filter>
    <Filter Include="Resource Files\fastas">
      <UniqueIdentifier>{2130fe00-9faf-4e3d-a726-293268b84435}</UniqueIdentifier>
    </Filter>
    <Filter Include="Resource Files\tests">
      <UniqueIdentifier>{c4242812-30a5-4d95-b3d4-17b2f5e413b6}</UniqueIdentifier>
    </Filter>
    <Filter Include="Resource Files\alphabets">
      <UniqueIdentifier>{74e55e56-d57c-4d7d-ad87-4afd5de9bb8e}</UniqueIdentifier>
    </Filter>
  </ItemGroup>
  <ItemGroup>
    <ClCompile Include="main.c">
      <Filter>Source Files</Filter>
    </ClCompile>
    <ClCompile Include="parameters.c">
      <Filter>Source Files</Filter>
    </ClCompile>
    <ClCompile Include="fileReader.c">
      <Filter>Source Files</Filter>
    </ClCompile>
  </ItemGroup>
  <ItemGroup>
    <Text Include="DNA_alphabet.txt">
      <Filter>Resource Files\alphabets</Filter>
    </Text>
    <Text Include="english_alphabet.txt">
      <Filter>Resource Files\alphabets</Filter>
    </Text>
  </ItemGroup>
  <ItemGroup>
    <None Include="Covid_Australia.fasta">
      <Filter>Resource Files\fastas</Filter>
    </None>
    <None Include="Covid_Brazil.fasta">
      <Filter>Resource Files\fastas</Filter>
    </None>
    <None Include="Covid_India.fasta">
      <Filter>Resource Files\fastas</Filter>
    </None>
    <None Include="Covid_USA.fasta">
      <Filter>Resource Files\fastas</Filter>
    </None>
    <None Include="Covid_Wuhan.fasta">
      <Filter>Resource Files\fastas</Filter>
    </None>
    <None Include="MERS_2012_Saudi.fasta">
      <Filter>Resource Files\fastas</Filter>
    </None>
    <None Include="MERS_2014_Saudi.fasta">
      <Filter>Resource Files\fastas</Filter>
    </None>
    <None Include="MERS_2014_USA.fasta">
      <Filter>Resource Files\fastas</Filter>
    </None>
    <None Include="SARS_2003.fasta">
      <Filter>Resource Files\fastas</Filter>
    </None>
    <None Include="SARS_2017.fasta">
      <Filter>Resource Files\fastas</Filter>
    </None>
    <None Include="s1.fasta">
      <Filter>Resource Files\tests</Filter>
    </None>
    <None Include="s2.fasta">
      <Filter>Resource Files\tests</Filter>
    </None>
  </ItemGroup>
  <ItemGroup>
    <ClInclude Include="fileReader.h">
      <Filter>Header Files</Filter>
    </ClInclude>
    <ClInclude Include="parameters.h">
      <Filter>Header Files</Filter>
    </ClInclude>
  </ItemGroup>
</Project>